
Microsoft Visual Studio Solution File, Format Version 10.00
# Visual Studio 2008
Project("{FAE04EC0-301F-11D3-BF4B-00C04F79EFBC}") = "SelectionMaker", "SelectionMaker\SelectionMaker.csproj", "{BD381E01-62B1-40B9-8B45-A4FCECD15B64}"
EndProject
Project("{54435603-DBB4-11D2-8724-00A0C9A8B90C}") = "SelectionMakerSetup", "SelectionMakerSetup\SelectionMakerSetup.vdproj", "{0FAE4494-D8A9-454D-994C-64F4E5F83191}"
EndProject
Global
	GlobalSection(SolutionConfigurationPlatforms) = preSolution
		Debug|Any CPU = Debug|Any CPU
		Release|Any CPU = Release|Any CPU
	EndGlobalSection
	GlobalSection(ProjectConfigurationPlatforms) = postSolution
		{BD381E01-62B1-40B9-8B45-A4FCECD15B64}.Debug|Any CPU.ActiveCfg = Release|Any CPU
		{BD381E01-62B1-40B9-8B45-A4FCECD15B64}.Debug|Any CPU.Build.0 = Release|Any CPU
		{BD381E01-62B1-40B9-8B45-A4FCECD15B64}.Release|Any CPU.ActiveCfg = Release|Any CPU
		{BD381E01-62B1-40B9-8B45-A4FCECD15B64}.Release|Any CPU.Build.0 = Release|Any CPU
		{0FAE4494-D8A9-454D-994C-64F4E5F83191}.Debug|Any CPU.ActiveCfg = Release
		{0FAE4494-D8A9-454D-994C-64F4E5F83191}.Release|Any CPU.ActiveCfg = Release
	EndGlobalSection
	GlobalSection(SolutionProperties) = preSolution
		HideSolutionNode = FALSE
	EndGlobalSection
	GlobalSection(ExtensibilityGlobals) = postSolution
		VisualSVNWorkingCopyRoot = .
	EndGlobalSection
EndGlobal
